# This file is automatically @generated by Cargo.
# It is not intended for manual editing.
version = 4

[[package]]
name = "cosmo-cli"
version = "0.1.0"

[[package]]
name = "cosmo-engine"
version = "0.1.0"

[[package]]
name = "cosmo-ir"
version = "0.1.0"

[[package]]
name = "cosmo-pdk"
version = "0.1.0"
